<?xml version="1.0" encoding="utf-8"?>
<Project ToolsVersion="4.0" xmlns="http://schemas.microsoft.com/developer/msbuild/2003">
  <ItemGroup>
    <Filter Include="ソース ファイル">
      <UniqueIdentifier>{4FC737F1-C7A5-4376-A066-2A32D752A2FF}</UniqueIdentifier>
      <Extensions>cpp;c;cc;cxx;c++;cppm;ixx;def;odl;idl;hpj;bat;asm;asmx</Extensions>
    </Filter>
    <Filter Include="リソース ファイル">
      <UniqueIdentifier>{67DA6AB6-F800-4c08-8B7A-83BB121AAD01}</UniqueIdentifier>
      <Extensions>rc;ico;cur;bmp;dlg;rc2;rct;bin;rgs;gif;jpg;jpeg;jpe;resx;tiff;tif;png;wav;mfcribbon-ms</Extensions>
    </Filter>
    <Filter Include="Shader File">
      <UniqueIdentifier>{5018e275-df35-4235-abc0-aa3e9a954edf}</UniqueIdentifier>
      <Extensions>hlsl;</Extensions>
    </Filter>
    <Filter Include="ソース ファイル\Draw Set">
      <UniqueIdentifier>{2a981bb3-0283-4e86-9c43-cf1a53af67fe}</UniqueIdentifier>
    </Filter>
    <Filter Include="リソース ファイル\DirectX">
      <UniqueIdentifier>{652ba473-040b-4a5e-80ff-97d348c30dee}</UniqueIdentifier>
    </Filter>
    <Filter Include="ソース ファイル\Draw Resource">
      <UniqueIdentifier>{41de7800-0864-40f5-89d5-e65f0535a70d}</UniqueIdentifier>
    </Filter>
    <Filter Include="ソース ファイル\Tools">
      <UniqueIdentifier>{41da89c0-5f21-4ee0-bb0a-db1d7466a670}</UniqueIdentifier>
    </Filter>
    <Filter Include="ソース ファイル\Game Draw">
      <UniqueIdentifier>{1ce62309-ec6c-4f89-9390-38c6c0f38860}</UniqueIdentifier>
    </Filter>
    <Filter Include="ソース ファイル\Programe Setting">
      <UniqueIdentifier>{56fb078a-3676-4557-8690-439b70ce1fa8}</UniqueIdentifier>
    </Filter>
    <Filter Include="ソース ファイル\Game Setting">
      <UniqueIdentifier>{88b6fbfa-65ba-4f95-89f0-757027fe1228}</UniqueIdentifier>
    </Filter>
    <Filter Include="ヘッダー ファイル">
      <UniqueIdentifier>{93995380-89BD-4b04-88EB-625FBE52EBFB}</UniqueIdentifier>
      <Extensions>h;hh;hpp;hxx;h++;hm;inl;inc;ipp;xsd</Extensions>
    </Filter>
    <Filter Include="ヘッダー ファイル\DirectX">
      <UniqueIdentifier>{699e4e27-174f-4812-8b05-37ca790831fb}</UniqueIdentifier>
    </Filter>
    <Filter Include="ヘッダー ファイル\Draw Set">
      <UniqueIdentifier>{537a0d16-8a78-42b2-b3ee-7db0c00c5f81}</UniqueIdentifier>
    </Filter>
    <Filter Include="ヘッダー ファイル\Draw Resource">
      <UniqueIdentifier>{01f5472c-2498-4d81-91d0-87946dd77654}</UniqueIdentifier>
    </Filter>
    <Filter Include="ヘッダー ファイル\Tools">
      <UniqueIdentifier>{e7171e4d-49e5-4c22-9ad5-2eb6da3b130a}</UniqueIdentifier>
    </Filter>
    <Filter Include="ヘッダー ファイル\Game Draw">
      <UniqueIdentifier>{9ddeb76a-5732-4f73-a2a4-1c077466e0fe}</UniqueIdentifier>
    </Filter>
    <Filter Include="ヘッダー ファイル\Game Setting">
      <UniqueIdentifier>{04438578-9df8-43fc-82f2-80c51e26a3a7}</UniqueIdentifier>
    </Filter>
    <Filter Include="ヘッダー ファイル\Programe Setting">
      <UniqueIdentifier>{c648c996-ecfe-4fdb-b6e1-e6de672ec3f2}</UniqueIdentifier>
    </Filter>
    <Filter Include="ヘッダー ファイル\Script">
      <UniqueIdentifier>{70fa8f90-70b4-4911-a475-d8594f68472e}</UniqueIdentifier>
    </Filter>
    <Filter Include="ソース ファイル\Script">
      <UniqueIdentifier>{c3cfe6ac-0f26-466a-91bb-6412f44e4b8d}</UniqueIdentifier>
    </Filter>
    <Filter Include="ヘッダー ファイル\Debug_Resource">
      <UniqueIdentifier>{7f1dc999-9575-4809-878e-cc50e336869f}</UniqueIdentifier>
    </Filter>
    <Filter Include="ソース ファイル\Debug_Resource">
      <UniqueIdentifier>{f8d4a54b-e86d-40c9-9b52-83c622e01207}</UniqueIdentifier>
    </Filter>
    <Filter Include="ソース ファイル\DirectX">
      <UniqueIdentifier>{d5d6551d-b6e4-4c5d-94fc-6a3a2dfae687}</UniqueIdentifier>
    </Filter>
  </ItemGroup>
  <ItemGroup>
    <ClCompile Include="Program_Files\Main.cpp">
      <Filter>ソース ファイル</Filter>
    </ClCompile>
    <ClCompile Include="Program_Files\Tools\Saver_And_Re_Create.cpp">
      <Filter>ソース ファイル\Tools</Filter>
    </ClCompile>
    <ClCompile Include="Program_Files\Tools\System_Logic_Manager.cpp">
      <Filter>ソース ファイル\Tools</Filter>
    </ClCompile>
    <ClCompile Include="Program_Files\Tools\Window_Re_Creator.cpp">
      <Filter>ソース ファイル\Tools</Filter>
    </ClCompile>
    <ClCompile Include="Program_Files\Tools\Collision.cpp">
      <Filter>ソース ファイル\Tools</Filter>
    </ClCompile>
    <ClCompile Include="Program_Files\Tools\Fade.cpp">
      <Filter>ソース ファイル\Tools</Filter>
    </ClCompile>
    <ClCompile Include="Program_Files\Tools\Game_Mode_Manager.cpp">
      <Filter>ソース ファイル\Tools</Filter>
    </ClCompile>
    <ClCompile Include="Program_Files\Script\Story_Manager.cpp">
      <Filter>ソース ファイル\Script</Filter>
    </ClCompile>
    <ClCompile Include="Program_Files\Script\Story_Script.cpp">
      <Filter>ソース ファイル\Script</Filter>
    </ClCompile>
    <ClCompile Include="Program_Files\Script\Script_Draw.cpp">
      <Filter>ソース ファイル\Script</Filter>
    </ClCompile>
    <ClCompile Include="Program_Files\Programe_Settings\mouse.cpp">
      <Filter>ソース ファイル\Programe Setting</Filter>
    </ClCompile>
    <ClCompile Include="Program_Files\Programe_Settings\Save_Data.cpp">
      <Filter>ソース ファイル\Programe Setting</Filter>
    </ClCompile>
    <ClCompile Include="Program_Files\Programe_Settings\system_timer.cpp">
      <Filter>ソース ファイル\Programe Setting</Filter>
    </ClCompile>
    <ClCompile Include="Program_Files\Programe_Settings\Audio_Manager.cpp">
      <Filter>ソース ファイル\Programe Setting</Filter>
    </ClCompile>
    <ClCompile Include="Program_Files\Programe_Settings\Controller_Input.cpp">
      <Filter>ソース ファイル\Programe Setting</Filter>
    </ClCompile>
    <ClCompile Include="Program_Files\Programe_Settings\Game_Window.cpp">
      <Filter>ソース ファイル\Programe Setting</Filter>
    </ClCompile>
    <ClCompile Include="Program_Files\Programe_Settings\keyboard.cpp">
      <Filter>ソース ファイル\Programe Setting</Filter>
    </ClCompile>
    <ClCompile Include="Program_Files\Programe_Settings\KeyLogger.cpp">
      <Filter>ソース ファイル\Programe Setting</Filter>
    </ClCompile>
    <ClCompile Include="Program_Files\Game_Settings\Boss_Pattern.cpp">
      <Filter>ソース ファイル\Game Setting</Filter>
    </ClCompile>
    <ClCompile Include="Program_Files\Game_Settings\Enemy_Pattern.cpp">
      <Filter>ソース ファイル\Game Setting</Filter>
    </ClCompile>
    <ClCompile Include="Program_Files\Game_Settings\Game_Audio.cpp">
      <Filter>ソース ファイル\Game Setting</Filter>
    </ClCompile>
    <ClCompile Include="Program_Files\Game_Settings\Game_Intro_Manager.cpp">
      <Filter>ソース ファイル\Game Setting</Filter>
    </ClCompile>
    <ClCompile Include="Program_Files\Game_Settings\Game_Logic.cpp">
      <Filter>ソース ファイル\Game Setting</Filter>
    </ClCompile>
    <ClCompile Include="Program_Files\Game_Settings\Game_Screen_Manager.cpp">
      <Filter>ソース ファイル\Game Setting</Filter>
    </ClCompile>
    <ClCompile Include="Program_Files\Game_Settings\Game_Status.cpp">
      <Filter>ソース ファイル\Game Setting</Filter>
    </ClCompile>
    <ClCompile Include="Program_Files\Game_Settings\Main_UI_Setting.cpp">
      <Filter>ソース ファイル\Game Setting</Filter>
    </ClCompile>
    <ClCompile Include="Program_Files\Game_Settings\Score.cpp">
      <Filter>ソース ファイル\Game Setting</Filter>
    </ClCompile>
    <ClCompile Include="Program_Files\Game_Settings\Update_Game.cpp">
      <Filter>ソース ファイル\Game Setting</Filter>
    </ClCompile>
    <ClCompile Include="Program_Files\Game_Settings\Update_Screen.cpp">
      <Filter>ソース ファイル\Game Setting</Filter>
    </ClCompile>
    <ClCompile Include="Program_Files\Game_Settings\Boss_Manager.cpp">
      <Filter>ソース ファイル\Game Setting</Filter>
    </ClCompile>
    <ClCompile Include="Program_Files\Game_Draw\Stage_Select.cpp">
      <Filter>ソース ファイル\Game Draw</Filter>
    </ClCompile>
    <ClCompile Include="Program_Files\Game_Draw\Stage_Update.cpp">
      <Filter>ソース ファイル\Game Draw</Filter>
    </ClCompile>
    <ClCompile Include="Program_Files\Game_Draw\Title.cpp">
      <Filter>ソース ファイル\Game Draw</Filter>
    </ClCompile>
    <ClCompile Include="Program_Files\Game_Draw\Ending.cpp">
      <Filter>ソース ファイル\Game Draw</Filter>
    </ClCompile>
    <ClCompile Include="Program_Files\Game_Draw\Game_Menu.cpp">
      <Filter>ソース ファイル\Game Draw</Filter>
    </ClCompile>
    <ClCompile Include="Program_Files\Game_Draw\Game_Select.cpp">
      <Filter>ソース ファイル\Game Draw</Filter>
    </ClCompile>
    <ClCompile Include="Program_Files\Game_Draw\Setting.cpp">
      <Filter>ソース ファイル\Game Draw</Filter>
    </ClCompile>
    <ClCompile Include="Program_Files\Game_Draw\Stage_Game_Over.cpp">
      <Filter>ソース ファイル\Game Draw</Filter>
    </ClCompile>
    <ClCompile Include="Program_Files\Draw_Set\Sprite_Animation.cpp">
      <Filter>ソース ファイル\Draw Set</Filter>
    </ClCompile>
    <ClCompile Include="Program_Files\Draw_Set\Texture.cpp">
      <Filter>ソース ファイル\Draw Set</Filter>
    </ClCompile>
    <ClCompile Include="Program_Files\Draw_Set\shader.cpp">
      <Filter>ソース ファイル\Draw Set</Filter>
    </ClCompile>
    <ClCompile Include="Program_Files\Draw_Set\Sprite.cpp">
      <Filter>ソース ファイル\Draw Set</Filter>
    </ClCompile>
    <ClCompile Include="Program_Files\Draw_Resource\Game_Back.cpp">
      <Filter>ソース ファイル\Draw Resource</Filter>
    </ClCompile>
    <ClCompile Include="Program_Files\Draw_Resource\Item.cpp">
      <Filter>ソース ファイル\Draw Resource</Filter>
    </ClCompile>
    <ClCompile Include="Program_Files\Draw_Resource\Player.cpp">
      <Filter>ソース ファイル\Draw Resource</Filter>
    </ClCompile>
    <ClCompile Include="Program_Files\Draw_Resource\Bullet.cpp">
      <Filter>ソース ファイル\Draw Resource</Filter>
    </ClCompile>
    <ClCompile Include="Program_Files\Draw_Resource\Effect.cpp">
      <Filter>ソース ファイル\Draw Resource</Filter>
    </ClCompile>
    <ClCompile Include="Program_Files\Draw_Resource\Enemy.cpp">
      <Filter>ソース ファイル\Draw Resource</Filter>
    </ClCompile>
    <ClCompile Include="Program_Files\Draw_Resource\Enemy_Bullet.cpp">
      <Filter>ソース ファイル\Draw Resource</Filter>
    </ClCompile>
    <ClCompile Include="Program_Files\Draw_Resource\Enemy_Spawner.cpp">
      <Filter>ソース ファイル\Draw Resource</Filter>
    </ClCompile>
    <ClCompile Include="Program_Files\DirectX\direct3d.cpp">
      <Filter>ソース ファイル\DirectX</Filter>
    </ClCompile>
    <ClCompile Include="Program_Files\DirectX\WICTextureLoader11.cpp">
      <Filter>ソース ファイル\DirectX</Filter>
    </ClCompile>
    <ClCompile Include="Program_Files\Debug_Resource\debug_text.cpp">
      <Filter>ソース ファイル\Debug_Resource</Filter>
    </ClCompile>
    <ClCompile Include="Program_Files\Debug_Resource\Debug_Collision.cpp">
      <Filter>ソース ファイル\Debug_Resource</Filter>
    </ClCompile>
    <ClCompile Include="Program_Files\Debug_Resource\debug_ostream.cpp">
      <Filter>ソース ファイル\Debug_Resource</Filter>
    </ClCompile>
  </ItemGroup>
  <ItemGroup>
    <ClInclude Include="Program_Files\Tools\Window_Re_Creator.h">
      <Filter>ヘッダー ファイル\Tools</Filter>
    </ClInclude>
    <ClInclude Include="Program_Files\Tools\Collision.h">
      <Filter>ヘッダー ファイル\Tools</Filter>
    </ClInclude>
    <ClInclude Include="Program_Files\Tools\Fade.h">
      <Filter>ヘッダー ファイル\Tools</Filter>
    </ClInclude>
    <ClInclude Include="Program_Files\Tools\Frame.h">
      <Filter>ヘッダー ファイル\Tools</Filter>
    </ClInclude>
    <ClInclude Include="Program_Files\Tools\Game_Header_Manager.h">
      <Filter>ヘッダー ファイル\Tools</Filter>
    </ClInclude>
    <ClInclude Include="Program_Files\Tools\Game_Mode_Manager.h">
      <Filter>ヘッダー ファイル\Tools</Filter>
    </ClInclude>
    <ClInclude Include="Program_Files\Tools\Game_State.h">
      <Filter>ヘッダー ファイル\Tools</Filter>
    </ClInclude>
    <ClInclude Include="Program_Files\Tools\Palette.h">
      <Filter>ヘッダー ファイル\Tools</Filter>
    </ClInclude>
    <ClInclude Include="Program_Files\Tools\Saver_And_Re_Create.h">
      <Filter>ヘッダー ファイル\Tools</Filter>
    </ClInclude>
    <ClInclude Include="Program_Files\Tools\System_Logic_Manager.h">
      <Filter>ヘッダー ファイル\Tools</Filter>
    </ClInclude>
    <ClInclude Include="Program_Files\Script\Story_Script.h">
      <Filter>ヘッダー ファイル\Script</Filter>
    </ClInclude>
    <ClInclude Include="Program_Files\Script\Script_Draw.h">
      <Filter>ヘッダー ファイル\Script</Filter>
    </ClInclude>
    <ClInclude Include="Program_Files\Script\Story_Manager.h">
      <Filter>ヘッダー ファイル\Script</Filter>
    </ClInclude>
    <ClInclude Include="Program_Files\Programe_Settings\mouse.h">
      <Filter>ヘッダー ファイル\Programe Setting</Filter>
    </ClInclude>
    <ClInclude Include="Program_Files\Programe_Settings\Save_Data.h">
      <Filter>ヘッダー ファイル\Programe Setting</Filter>
    </ClInclude>
    <ClInclude Include="Program_Files\Programe_Settings\system_timer.h">
      <Filter>ヘッダー ファイル\Programe Setting</Filter>
    </ClInclude>
    <ClInclude Include="Program_Files\Programe_Settings\Audio_Manager.h">
      <Filter>ヘッダー ファイル\Programe Setting</Filter>
    </ClInclude>
    <ClInclude Include="Program_Files\Programe_Settings\Controller_Input.h">
      <Filter>ヘッダー ファイル\Programe Setting</Filter>
    </ClInclude>
    <ClInclude Include="Program_Files\Programe_Settings\Game_Window.h">
      <Filter>ヘッダー ファイル\Programe Setting</Filter>
    </ClInclude>
    <ClInclude Include="Program_Files\Programe_Settings\keyboard.h">
      <Filter>ヘッダー ファイル\Programe Setting</Filter>
    </ClInclude>
    <ClInclude Include="Program_Files\Programe_Settings\KeyLogger.h">
      <Filter>ヘッダー ファイル\Programe Setting</Filter>
    </ClInclude>
    <ClInclude Include="Program_Files\Game_Settings\Boss_Manager.h">
      <Filter>ヘッダー ファイル\Game Setting</Filter>
    </ClInclude>
    <ClInclude Include="Program_Files\Game_Settings\Boss_Pattern.h">
      <Filter>ヘッダー ファイル\Game Setting</Filter>
    </ClInclude>
    <ClInclude Include="Program_Files\Game_Settings\Enemy_Pattern.h">
      <Filter>ヘッダー ファイル\Game Setting</Filter>
    </ClInclude>
    <ClInclude Include="Program_Files\Game_Settings\Game_Audio.h">
      <Filter>ヘッダー ファイル\Game Setting</Filter>
    </ClInclude>
    <ClInclude Include="Program_Files\Game_Settings\Game_Intro_Manager.h">
      <Filter>ヘッダー ファイル\Game Setting</Filter>
    </ClInclude>
    <ClInclude Include="Program_Files\Game_Settings\Game_Logic.h">
      <Filter>ヘッダー ファイル\Game Setting</Filter>
    </ClInclude>
    <ClInclude Include="Program_Files\Game_Settings\Game_Screen_Manager.h">
      <Filter>ヘッダー ファイル\Game Setting</Filter>
    </ClInclude>
    <ClInclude Include="Program_Files\Game_Settings\Game_Status.h">
      <Filter>ヘッダー ファイル\Game Setting</Filter>
    </ClInclude>
    <ClInclude Include="Program_Files\Game_Settings\Main_UI_Setting.h">
      <Filter>ヘッダー ファイル\Game Setting</Filter>
    </ClInclude>
    <ClInclude Include="Program_Files\Game_Settings\Score.h">
      <Filter>ヘッダー ファイル\Game Setting</Filter>
    </ClInclude>
    <ClInclude Include="Program_Files\Game_Settings\Update_Game.h">
      <Filter>ヘッダー ファイル\Game Setting</Filter>
    </ClInclude>
    <ClInclude Include="Program_Files\Game_Settings\Update_Screen.h">
      <Filter>ヘッダー ファイル\Game Setting</Filter>
    </ClInclude>
    <ClInclude Include="Program_Files\Game_Draw\Stage_Select.h">
      <Filter>ヘッダー ファイル\Game Draw</Filter>
    </ClInclude>
    <ClInclude Include="Program_Files\Game_Draw\Stage_Update.h">
      <Filter>ヘッダー ファイル\Game Draw</Filter>
    </ClInclude>
    <ClInclude Include="Program_Files\Game_Draw\Title.h">
      <Filter>ヘッダー ファイル\Game Draw</Filter>
    </ClInclude>
    <ClInclude Include="Program_Files\Game_Draw\Ending.h">
      <Filter>ヘッダー ファイル\Game Draw</Filter>
    </ClInclude>
    <ClInclude Include="Program_Files\Game_Draw\Game_Menu.h">
      <Filter>ヘッダー ファイル\Game Draw</Filter>
    </ClInclude>
    <ClInclude Include="Program_Files\Game_Draw\Game_Select.h">
      <Filter>ヘッダー ファイル\Game Draw</Filter>
    </ClInclude>
    <ClInclude Include="Program_Files\Game_Draw\Setting.h">
      <Filter>ヘッダー ファイル\Game Draw</Filter>
    </ClInclude>
    <ClInclude Include="Program_Files\Game_Draw\Stage_Game_Over.h">
      <Filter>ヘッダー ファイル\Game Draw</Filter>
    </ClInclude>
    <ClInclude Include="Program_Files\Draw_Set\Texture.h">
      <Filter>ヘッダー ファイル\Draw Set</Filter>
    </ClInclude>
    <ClInclude Include="Program_Files\Draw_Set\shader.h">
      <Filter>ヘッダー ファイル\Draw Set</Filter>
    </ClInclude>
    <ClInclude Include="Program_Files\Draw_Set\Sprite.h">
      <Filter>ヘッダー ファイル\Draw Set</Filter>
    </ClInclude>
    <ClInclude Include="Program_Files\Draw_Set\Sprite_Animation.h">
      <Filter>ヘッダー ファイル\Draw Set</Filter>
    </ClInclude>
    <ClInclude Include="Program_Files\Draw_Resource\Item.h">
      <Filter>ヘッダー ファイル\Draw Resource</Filter>
    </ClInclude>
    <ClInclude Include="Program_Files\Draw_Resource\Player.h">
      <Filter>ヘッダー ファイル\Draw Resource</Filter>
    </ClInclude>
    <ClInclude Include="Program_Files\Draw_Resource\Bullet.h">
      <Filter>ヘッダー ファイル\Draw Resource</Filter>
    </ClInclude>
    <ClInclude Include="Program_Files\Draw_Resource\Effect.h">
      <Filter>ヘッダー ファイル\Draw Resource</Filter>
    </ClInclude>
    <ClInclude Include="Program_Files\Draw_Resource\Enemy.h">
      <Filter>ヘッダー ファイル\Draw Resource</Filter>
    </ClInclude>
    <ClInclude Include="Program_Files\Draw_Resource\Enemy_Bullet.h">
      <Filter>ヘッダー ファイル\Draw Resource</Filter>
    </ClInclude>
    <ClInclude Include="Program_Files\Draw_Resource\Enemy_Spawner.h">
      <Filter>ヘッダー ファイル\Draw Resource</Filter>
    </ClInclude>
    <ClInclude Include="Program_Files\Draw_Resource\Game_Back.h">
      <Filter>ヘッダー ファイル\Draw Resource</Filter>
    </ClInclude>
    <ClInclude Include="Program_Files\DirectX\WICTextureLoader11.h">
      <Filter>ヘッダー ファイル\DirectX</Filter>
    </ClInclude>
    <ClInclude Include="Program_Files\DirectX\direct3d.h">
      <Filter>ヘッダー ファイル\DirectX</Filter>
    </ClInclude>
    <ClInclude Include="Program_Files\DirectX\DirectXTex.h">
      <Filter>ヘッダー ファイル\DirectX</Filter>
    </ClInclude>
    <ClInclude Include="Program_Files\Debug_Resource\debug_text.h">
      <Filter>ヘッダー ファイル\Debug_Resource</Filter>
    </ClInclude>
    <ClInclude Include="Program_Files\Debug_Resource\Debug_Collision.h">
      <Filter>ヘッダー ファイル\Debug_Resource</Filter>
    </ClInclude>
    <ClInclude Include="Program_Files\Debug_Resource\debug_ostream.h">
      <Filter>ヘッダー ファイル\Debug_Resource</Filter>
    </ClInclude>
  </ItemGroup>
  <ItemGroup>
    <None Include="ascii_texture_generator.py">
      <Filter>リソース ファイル</Filter>
    </None>
    <None Include="Program_Files\DirectX\DirectXTex.inl">
      <Filter>ヘッダー ファイル\DirectX</Filter>
    </None>
  </ItemGroup>
  <ItemGroup>
    <Library Include="DirectXTex_Debug.lib">
      <Filter>リソース ファイル\DirectX</Filter>
    </Library>
    <Library Include="DirectXTex_Release.lib">
      <Filter>リソース ファイル\DirectX</Filter>
    </Library>
  </ItemGroup>
  <ItemGroup>
    <FxCompile Include="shader_vertex_2d.hlsl">
      <Filter>Shader File</Filter>
    </FxCompile>
    <FxCompile Include="shader_pixel_2d.hlsl">
      <Filter>Shader File</Filter>
    </FxCompile>
  </ItemGroup>
</Project>